github.com/adrianmo/go-nmea v1.10.0 h1:L1aYaebZ4cXFCoXNSeDeQa0tApvSKvIbqMsK+iaRiCo=
github.com/adrianmo/go-nmea v1.10.0/go.mod h1:u8bPnpKt/D/5rll/5l9f6iDfeq5WZW0+/SXdkwix6Tg=
github.com/allan-simon/go-singleinstance v0.0.0-20210120080615-d0997106ab37 h1:28uU3TtuvQ6KRndxg9TrC868jBWmSKgh0GTXkACCXmA=
github.com/allan-simon/go-singleinstance v0.0.0-20210120080615-d0997106ab37/go.mod h1:6AXRstqK+32jeFmw89QGL2748+dj34Av4xc/I9oo9BY=
github.com/creack/pty v1.1.24 h1:bJrF4RRfyJnbTJqzRLHzcGaZK1NeM5kTC9jGgovnR1s=
github.com/creack/pty v1.1.24/go.mod h1:08sCNb52WyoAwi2QDyzUCTgcvVFhUzewun7wtTfvcwE=
github.com/davecgh/go-spew v1.1.0/go.mod h1:J7Y8YcW2NihsgmVo/mv3lAwl/skON4iLHjSsI+c5H38=
github.com/davecgh/go-spew v1.1.1 h1:vj9j/u1bqnvCEfJOwUhtlOARqs3+rkHYY13jYWTU97c=
github.com/davecgh/go-spew v1.1.1/go.mod h1:J7Y8YcW2NihsgmVo/mv3lAwl/skON4iLHjSsI+c5H38=
github.com/eclipse/paho.mqtt.golang v1.5.0 h1:EH+bUVJNgttidWFkLLVKaQPGmkTUfQQqjOsyvMGvD6o=
github.com/eclipse/paho.mqtt.golang v1.5.0/go.mod h1:du/2qNQVqJf/Sqs4MEL77kR8QTqANF7XU7Fk0aOTAgk=
github.com/fulr/spidev v0.0.0-20150210165549-524e13e3fac2 h1:Bpecy8A24LtdIGkRUQTzoWf2mR0zkvxzAgTN5iP2iXM=
github.com/fulr/spidev v0.0.0-20150210165549-524e13e3fac2/go.mod h1:bMLIIHSjkThym5s6mFw/1rkPjtUDvbxSK4xTe/ai2AM=
github.com/glendc/go-external-ip v0.1.0 h1:iX3xQ2Q26atAmLTbd++nUce2P5ht5P4uD4V7caSY/xg=
github.com/glendc/go-external-ip v0.1.0/go.mod h1:CNx312s2FLAJoWNdJWZ2Fpf5O4oLsMFwuYviHjS4uJE=
github.com/go-ole/go-ole v1.2.4/go.mod h1:XCwSNxSkXRo4vlyPy93sltvi/qJq0jqQhjqQNIwKuxM=
github.com/go-ole/go-ole v1.2.6 h1:/Fpf6oFPoeFik9ty7siob0G6Ke8QvQEuVcuChpwXzpY=
github.com/go-ole/go-ole v1.2.6/go.mod h1:pprOEPIfldk/42T2oK7lQ4v4JSDwmV0As9GaiUsvbm0=
github.com/golang/glog v1.2.5 h1:DrW6hGnjIhtvhOIiAKT6Psh/Kd/ldepEa81DKeiRJ5I=
github.com/golang/glog v1.2.5/go.mod h1:6AhwSGph0fcJtXVM/PEHPqZlFeoLxhs7/t5UDAwmO+w=
github.com/golang/protobuf v1.5.4 h1:i7eJL8qZTpSEXOPTxNKhASYpMn+8e5Q6AdndVa1dWek=
github.com/golang/protobuf v1.5.4/go.mod h1:lnTiLA8Wa4RWRcIUkrtSVa5nRhsEGBg48fD6rSs7xps=
github.com/google/go-cmp v0.6.0 h1:ofyhxvXcZhMsU5ulbFiLKl/XBFqE1GSq7atu8tAmTRI=
github.com/google/go-cmp v0.6.0/go.mod h1:17dUlkBOakJ0+DkrSSNjCkIjxS6bF9zb3elmeNGIjoY=
github.com/gorilla/websocket v1.5.3 h1:saDtZ6Pbx/0u+bgYQ3q96pZgCzfhKXGPqt7kZ72aNNg=
github.com/gorilla/websocket v1.5.3/go.mod h1:YR8l580nyteQvAITg2hZ9XVh4b55+EU/adAjf1fMHhE=
github.com/gvalkov/golang-evdev v0.0.0-20220815104727-7e27d6ce89b6 h1:K9b8efT9f1NkITNgNAm2A1LuoamhG4pAhXVjz5Sfa5Q=
github.com/gvalkov/golang-evdev v0.0.0-20220815104727-7e27d6ce89b6/go.mod h1:SAzVFKCRezozJTGavF3GX8MBUruETCqzivVLYiywouA=
github.com/jacobsa/go-serial v0.0.0-20180131005756-15cf729a72d4 h1:G2ztCwXov8mRvP0ZfjE6nAlaCX2XbykaeHdbT6KwDz0=
github.com/jacobsa/go-serial v0.0.0-20180131005756-15cf729a72d4/go.mod h1:2RvX5ZjVtsznNZPEt4xwJXNJrM3VTZoQf7V6gk0ysvs=
github.com/kennygrant/sanitize v1.2.4 h1:gN25/otpP5vAsO2djbMhF/LQX6R7+O1TB4yv8NzpJ3o=
github.com/kennygrant/sanitize v1.2.4/go.mod h1:LGsjYYtgxbetdg5owWB2mpgUL6e2nfw2eObZ0u0qvak=
github.com/mattn/go-runewidth v0.0.16 h1:E5ScNMtiwvlvB5paMFdw9p4kSQzbXFikJ5SQO6TULQc=
github.com/mattn/go-runewidth v0.0.16/go.mod h1:Jdepj2loyihRzMpdS35Xk/zdY8IAYHsh153qUoGf23w=
github.com/moutend/go-wca v0.2.0 h1:AEzY6ltC5zPCldKyMYdyXv3TaLqwxSW1TIradqNqRpU=
github.com/moutend/go-wca v0.2.0/go.mod h1:L/ka++dPvkHYz0UuQ/PIQ3aTuecoXOIM1RSAesh6RYU=
github.com/pmezard/go-difflib v1.0.0 h1:4DBwDE0NGyQoBHbLQYPwSUPoCMWR5BEzIk/f1lZbAQM=
github.com/pmezard/go-difflib v1.0.0/go.mod h1:iKH77koFhYxTK1pcRnkKkqfTogsbg7gZNVY4sRDYZ/4=
github.com/rivo/uniseg v0.2.0 h1:S1pD9weZBuJdFmowNwbpi7BJ8TNftyUImj/0WQi72jY=
github.com/rivo/uniseg v0.2.0/go.mod h1:J6wj4VEh+S6ZtnVlnTBMWIodfgj8LQOQFoIToxlJtxc=
github.com/stianeikeland/go-rpio v4.2.0+incompatible h1:CUOlIxdJdT+H1obJPsmg8byu7jMSECLfAN9zynm5QGo=
github.com/stianeikeland/go-rpio v4.2.0+incompatible/go.mod h1:Sh81rdJwD96E2wja2Gd7rrKM+XZ9LrwvN2w4IXrqLR8=
github.com/stretchr/objx v0.1.0/go.mod h1:HFkY916IF+rwdDfMAkV7OtwuqBVzrE8GR6GFx+wExME=
github.com/stretchr/testify v1.5.1 h1:nOGnQDM7FYENwehXlg/kFVnos3rEvtKTjRvOWSzb6H4=
github.com/stretchr/testify v1.5.1/go.mod h1:5W2xD1RspED5o8YsWQXVCued0rvSQ+mT+I5cxcmMvtA=
github.com/talkkonnect/colog v0.0.0-20220407161942-3d66a6dd73d3 h1:dXRdDyA6Eug7nJhXzPbSqYsTYG/H/hdeeR4zLo2ed98=
github.com/talkkonnect/colog v0.0.0-20220407161942-3d66a6dd73d3/go.mod h1:+PbvYiXg4DbZcCq76C4ekchyhWG/m+OFeWOvekNkvSY=
github.com/talkkonnect/embd v0.0.0-20210824124053-e127c37e1577 h1:bihz9UL2bBgp4WQpbXjFtcQj5q7iOtmRELXcxM4bPlQ=
github.com/talkkonnect/embd v0.0.0-20210824124053-e127c37e1577/go.mod h1:yEIQ+VcMM5dw+3yR4/bGAh81Dre39uSQvvN62qm/VLA=
github.com/talkkonnect/go-hd44780 v0.0.0-20210824123606-f3398c777f39 h1:8BrBXtXo8Dt5ogGG/VvCrA32X92CVuT8l4/jNF3JYjE=
github.com/talkkonnect/go-hd44780 v0.0.0-20210824123606-f3398c777f39/go.mod h1:TrVGOjdrITqWt2TkjwsxTbxupQJMd2qddZX384g5UWY=
github.com/talkkonnect/go-i2c v0.0.0-20190316095740-e326afb7fdb1 h1:fC+EirjlVNx/1UjcX46aUolKm1lkBluZj5RvR1J68yk=
github.com/talkkonnect/go-i2c v0.0.0-20190316095740-e326afb7fdb1/go.mod h1:6OAIGFvCa/a/PwfmcctAw2N5T+XHy2qesz7LiZvYcgE=
github.com/talkkonnect/go-logger v0.0.0-20190316101244-635f8e12dd6c h1:kbjUEvovC9JxkO3MQCRHZ2oAP/yg+ggmUe+CjwdUqAs=
github.com/talkkonnect/go-logger v0.0.0-20190316101244-635f8e12dd6c/go.mod h1:RgJ9bxHte2cnbimoMDr7NNLOxYWiBgYAnf67OzucsMw=
github.com/talkkonnect/go-mcp23017 v0.0.0-20210831103122-1c46ab6c8c82 h1:VgA8XaXnDBytA2zVv94AXp3WAyQOBW/SNaTXjZco1Qc=
github.com/talkkonnect/go-mcp23017 v0.0.0-20210831103122-1c46ab6c8c82/go.mod h1:9+q2vdqRNwz4tVg3K77nwUT2ePfkrrRWX+xy8u7lE6A=
github.com/talkkonnect/go-oled-i2c v0.0.0-20220315132146-0f5a50f4aa0a h1:kvd1KeIOFfKF0ISfBgJcJ6gbjK9+7G3UOc7WvjEnDrs=
github.com/talkkonnect/go-oled-i2c v0.0.0-20220315132146-0f5a50f4aa0a/go.mod h1:zdbvJKE9p2OJ3XMlb0X7YYD8GNPMILwDebKZH9OvMi8=
github.com/talkkonnect/go-openal v0.0.0-20181013102444-59f5b1d30aff h1:Cdwko65/+E0ABkBIlkk8VPIKdH4gaOauhm56vMmdjwU=
github.com/talkkonnect/go-openal v0.0.0-20181013102444-59f5b1d30aff/go.mod h1:HNJVbiQ+pS+L9WiqdKSrR3fWiceF7lpnGQZgJRFeuz0=
github.com/talkkonnect/gopus v0.0.0-20220213040034-763f05853b2f h1:mnblqagvtS3JhHcVki3HMj0dq5XswP1oZ7fRp9mi4Mo=
github.com/talkkonnect/gopus v0.0.0-20220213040034-763f05853b2f/go.mod h1:zMs0TkqDtyJ3CaPSyqhhW2VRnd/L1mSL11vQ6DG5Ovc=
github.com/talkkonnect/gosshd v0.0.0-20231108084422-bc154c18c28f h1:m5Dv1aQ1Pjl1cJg7djNTyWCeRLfdCPg8gBFLXFvDY7s=
github.com/talkkonnect/gosshd v0.0.0-20231108084422-bc154c18c28f/go.mod h1:wo3FFxDj2Be5CJJR6Lsfsj15wRo4dmHufNp0luGeUuQ=
github.com/talkkonnect/gpio v0.0.0-20181225144829-9b8a2de8e6fe h1:ac77K8YD3YD8Mn5P95fb7Vbq/2nKCECVfaTxMb0bDj0=
github.com/talkkonnect/gpio v0.0.0-20181225144829-9b8a2de8e6fe/go.mod h1:SpblZEdL1bFf8DR4xGDPN7G1XvXCQj/eDYtYuG+Xmd0=
github.com/talkkonnect/gumble v0.0.0-20220821092831-ea5c6eef89b5 h1:YyIAhoMjUAkA2FMW9DGbx8Q3tI7zYxO2j6D1SN54tr8=
github.com/talkkonnect/gumble v0.0.0-20220821092831-ea5c6eef89b5/go.mod h1:noOPjJie+0MkL38lno8zFRbzL/zVN8oRETIRXzo19NI=
github.com/talkkonnect/max7219 v0.0.0-20220213082435-2caf99768298 h1:LdPBOubROLa9+V2/bIqF2IAuaLjb4fSmLe8JWaUj4pg=
github.com/talkkonnect/max7219 v0.0.0-20220213082435-2caf99768298/go.mod h1:RYVyiuHwl28P8BIi66n5eFSY6+hvKI6lkov8GXlm08Y=
github.com/talkkonnect/sa818 v0.0.0-20220127110204-d50fa95aa36e h1:xNv37ks1NBut0bhomEQEjH1bsrPcfSst67d36PoYca0=
github.com/talkkonnect/sa818 v0.0.0-20220127110204-d50fa95aa36e/go.mod h1:DYSvy7q3L0an13VWMtMSXWBwiu6AwjaGYorFnnhq0yE=
github.com/talkkonnect/termbox-go v0.0.0-20181013101158-0ee46dd7ddac h1:bD5cKn2ng8K7RFKrKSrI5g5gaLgKxdK6xhRSH5309hc=
github.com/talkkonnect/termbox-go v0.0.0-20181013101158-0ee46dd7ddac/go.mod h1:5AtlTmjScae7BcatAlDngj6A2YvKEArvjNy4DcZWdvA=
github.com/talkkonnect/volume-go v0.0.0-20240215065754-67c18d0add8a h1:mq94Z6EjIfPe258yr4Bz/9AOxuY1mcq2t89IDS5egz8=
github.com/talkkonnect/volume-go v0.0.0-20240215065754-67c18d0add8a/go.mod h1:NWsDY/gKl15dyXqDvzvRsiJP/YbWH6tSE/Rh27woPH8=
github.com/xackery/gomail v0.0.0-20150929200936-cc84600edc17 h1:hAhlexx4qaxFYjxfiUeDCWdV5IwR3b/9c7abMeLNPR4=
github.com/xackery/gomail v0.0.0-20150929200936-cc84600edc17/go.mod h1:DjEq7Wd7xuVPq2Hq2NaMLAZ/qDd0RAsKUByqPPN3RU8=
golang.org/x/crypto v0.35.0 h1:b15kiHdrGCHrP6LvwaQ3c03kgNhhiMgvlhxHQhmg2Xs=
golang.org/x/crypto v0.35.0/go.mod h1:dy7dXNW32cAb/6/PRuTNsix8T+vJAqvuIy5Bli/x0YQ=
golang.org/x/net v0.27.0 h1:5K3Njcw06/l2y9vpGCSdcxWOYHOUk3dVNGDXN+FvAys=
golang.org/x/net v0.27.0/go.mod h1:dDi0PyhWNoiUOrAS8uXv/vnScO4wnHQO4mj9fn/RytE=
golang.org/x/sync v0.14.0 h1:woo0S4Yywslg6hp4eUFjTVOyKt0RookbpAHG4c1HmhQ=
golang.org/x/sync v0.14.0/go.mod h1:1dzgHSNfp02xaA81J2MS99Qcpr2w7fw1gpm99rleRqA=
golang.org/x/sys v0.0.0-20190916202348-b4ddaad3f8a3/go.mod h1:h1NjWce9XRLGQEsW7wpKNCjG9DtNlClVuFLEZdDNbEs=
golang.org/x/sys v0.33.0 h1:q3i8TbbEz+JRD9ywIRlyRAQbM0qF7hu24q3teo2hbuw=
golang.org/x/sys v0.33.0/go.mod h1:BJP2sWEmIv4KK5OTEluFJCKSidICx8ciO85XgH3Ak8k=
golang.org/x/term v0.29.0 h1:L6pJp37ocefwRRtYPKSWOWzOtWSxVajvz2ldH/xi3iU=
golang.org/x/term v0.29.0/go.mod h1:6bl4lRlvVuDgSf3179VpIxBF0o10JUpXWOnI7nErv7s=
golang.org/x/text v0.25.0 h1:qVyWApTSYLk/drJRO5mDlNYskwQznZmkpV2c8q9zls4=
golang.org/x/text v0.25.0/go.mod h1:WEdwpYrmk1qmdHvhkSTNPm3app7v4rsT8F2UD6+VHIA=
google.golang.org/protobuf v1.33.0 h1:uNO2rsAINq/JlFpSdYEKIZ0uKD/R9cpdv0T+yoGwGmI=
google.golang.org/protobuf v1.33.0/go.mod h1:c6P6GXX6sHbq/GpV6MGZEdwhWPcYBgnhAHhKbcUYpos=
gopkg.in/check.v1 v0.0.0-20161208181325-20d25e280405/go.mod h1:Co6ibVJAznAaIkqp8huTwlJQCZ016jof/cbN4VW5Yz0=
gopkg.in/yaml.v2 v2.2.2 h1:ZCJp+EgiOT7lHqUV2J862kp8Qj64Jo6az82+3Td9dZw=
gopkg.in/yaml.v2 v2.2.2/go.mod h1:hI93XBmqTisBFMUTm0b8Fm+jr3Dg1NNxqwp+5A1VGuI=
