github.com/adrianmo/go-nmea v1.6.0 h1:nJaqQJ0dnA4uHAKVxkiCz8ogBwRvkw/WXZ8qcvRW1eA=
github.com/adrianmo/go-nmea v1.6.0/go.mod h1:u8bPnpKt/D/5rll/5l9f6iDfeq5WZW0+/SXdkwix6Tg=
github.com/allan-simon/go-singleinstance v0.0.0-20210120080615-d0997106ab37 h1:28uU3TtuvQ6KRndxg9TrC868jBWmSKgh0GTXkACCXmA=
github.com/allan-simon/go-singleinstance v0.0.0-20210120080615-d0997106ab37/go.mod h1:6AXRstqK+32jeFmw89QGL2748+dj34Av4xc/I9oo9BY=
github.com/comail/colog v0.0.0-20160416085026-fba8e7b1f46c h1:bzYQ6WpR+t35/y19HUkolcg7SYeWZ15IclC9Z4naGHI=
github.com/comail/colog v0.0.0-20160416085026-fba8e7b1f46c/go.mod h1:1WwgAwMKQLYG5I2FBhpVx94YTOAuB2W59IZ7REjSE6Y=
github.com/davecgh/go-spew v1.1.0/go.mod h1:J7Y8YcW2NihsgmVo/mv3lAwl/skON4iLHjSsI+c5H38=
github.com/davecgh/go-spew v1.1.1 h1:vj9j/u1bqnvCEfJOwUhtlOARqs3+rkHYY13jYWTU97c=
github.com/davecgh/go-spew v1.1.1/go.mod h1:J7Y8YcW2NihsgmVo/mv3lAwl/skON4iLHjSsI+c5H38=
github.com/eclipse/paho.mqtt.golang v1.3.5 h1:sWtmgNxYM9P2sP+xEItMozsR3w0cqZFlqnNN1bdl41Y=
github.com/eclipse/paho.mqtt.golang v1.3.5/go.mod h1:eTzb4gxwwyWpqBUHGQZ4ABAV7+Jgm1PklsYT/eo8Hcc=
github.com/fulr/spidev v0.0.0-20150210165549-524e13e3fac2 h1:Bpecy8A24LtdIGkRUQTzoWf2mR0zkvxzAgTN5iP2iXM=
github.com/fulr/spidev v0.0.0-20150210165549-524e13e3fac2/go.mod h1:bMLIIHSjkThym5s6mFw/1rkPjtUDvbxSK4xTe/ai2AM=
github.com/glendc/go-external-ip v0.1.0 h1:iX3xQ2Q26atAmLTbd++nUce2P5ht5P4uD4V7caSY/xg=
github.com/glendc/go-external-ip v0.1.0/go.mod h1:CNx312s2FLAJoWNdJWZ2Fpf5O4oLsMFwuYviHjS4uJE=
github.com/go-ole/go-ole v1.2.4/go.mod h1:XCwSNxSkXRo4vlyPy93sltvi/qJq0jqQhjqQNIwKuxM=
github.com/go-ole/go-ole v1.2.6 h1:/Fpf6oFPoeFik9ty7siob0G6Ke8QvQEuVcuChpwXzpY=
github.com/go-ole/go-ole v1.2.6/go.mod h1:pprOEPIfldk/42T2oK7lQ4v4JSDwmV0As9GaiUsvbm0=
github.com/golang/glog v1.0.0 h1:nfP3RFugxnNRyKgeWd4oI1nYvXpxrx8ck8ZrcizshdQ=
github.com/golang/glog v1.0.0/go.mod h1:EWib/APOK0SL3dFbYqvxE3UYd8E6s1ouQ7iEp/0LWV4=
github.com/golang/protobuf v1.5.0/go.mod h1:FsONVRAS9T7sI+LIUmWTfcYkHO4aIWwzhcaSAoJOfIk=
github.com/golang/protobuf v1.5.2 h1:ROPKBNFfQgOUMifHyP+KYbvpjbdoFNs+aK7DXlji0Tw=
github.com/golang/protobuf v1.5.2/go.mod h1:XVQd3VNwM+JqD3oG2Ue2ip4fOMUkwXdXDdiuN0vRsmY=
github.com/google/go-cmp v0.5.5 h1:Khx7svrCpmxxtHBq5j2mp/xVjsi8hQMfNLvJFAlrGgU=
github.com/google/go-cmp v0.5.5/go.mod h1:v8dTdLbMG2kIc/vJvl+f65V22dbkXbowE6jgT/gNBxE=
github.com/gorilla/websocket v1.4.2 h1:+/TMaTYc4QFitKJxsQ7Yye35DkWvkdLcvGKqM+x0Ufc=
github.com/gorilla/websocket v1.4.2/go.mod h1:YR8l580nyteQvAITg2hZ9XVh4b55+EU/adAjf1fMHhE=
github.com/gvalkov/golang-evdev v0.0.0-20191114124502-287e62b94bcb h1:WHSAxLz3P5t4DKukfJ5wu7+aMyVkuTNSbCiAjVS92sM=
github.com/gvalkov/golang-evdev v0.0.0-20191114124502-287e62b94bcb/go.mod h1:SAzVFKCRezozJTGavF3GX8MBUruETCqzivVLYiywouA=
github.com/itchyny/volume-go v0.2.1/go.mod h1:YdvjyTIcPXyGcckaIHTfga+ItdhGZQoWhzOORajlkkE=
github.com/jacobsa/go-serial v0.0.0-20180131005756-15cf729a72d4 h1:G2ztCwXov8mRvP0ZfjE6nAlaCX2XbykaeHdbT6KwDz0=
github.com/jacobsa/go-serial v0.0.0-20180131005756-15cf729a72d4/go.mod h1:2RvX5ZjVtsznNZPEt4xwJXNJrM3VTZoQf7V6gk0ysvs=
github.com/kennygrant/sanitize v1.2.4 h1:gN25/otpP5vAsO2djbMhF/LQX6R7+O1TB4yv8NzpJ3o=
github.com/kennygrant/sanitize v1.2.4/go.mod h1:LGsjYYtgxbetdg5owWB2mpgUL6e2nfw2eObZ0u0qvak=
github.com/mattn/go-runewidth v0.0.13 h1:lTGmDsbAYt5DmK6OnoV7EuIF1wEIFAcxld6ypU4OSgU=
github.com/mattn/go-runewidth v0.0.13/go.mod h1:Jdepj2loyihRzMpdS35Xk/zdY8IAYHsh153qUoGf23w=
github.com/moutend/go-wca v0.2.0 h1:AEzY6ltC5zPCldKyMYdyXv3TaLqwxSW1TIradqNqRpU=
github.com/moutend/go-wca v0.2.0/go.mod h1:L/ka++dPvkHYz0UuQ/PIQ3aTuecoXOIM1RSAesh6RYU=
github.com/pmezard/go-difflib v1.0.0 h1:4DBwDE0NGyQoBHbLQYPwSUPoCMWR5BEzIk/f1lZbAQM=
github.com/pmezard/go-difflib v1.0.0/go.mod h1:iKH77koFhYxTK1pcRnkKkqfTogsbg7gZNVY4sRDYZ/4=
github.com/rivo/uniseg v0.2.0 h1:S1pD9weZBuJdFmowNwbpi7BJ8TNftyUImj/0WQi72jY=
github.com/rivo/uniseg v0.2.0/go.mod h1:J6wj4VEh+S6ZtnVlnTBMWIodfgj8LQOQFoIToxlJtxc=
github.com/stianeikeland/go-rpio v4.2.0+incompatible h1:CUOlIxdJdT+H1obJPsmg8byu7jMSECLfAN9zynm5QGo=
github.com/stianeikeland/go-rpio v4.2.0+incompatible/go.mod h1:Sh81rdJwD96E2wja2Gd7rrKM+XZ9LrwvN2w4IXrqLR8=
github.com/stretchr/objx v0.1.0/go.mod h1:HFkY916IF+rwdDfMAkV7OtwuqBVzrE8GR6GFx+wExME=
github.com/stretchr/testify v1.5.1 h1:nOGnQDM7FYENwehXlg/kFVnos3rEvtKTjRvOWSzb6H4=
github.com/stretchr/testify v1.5.1/go.mod h1:5W2xD1RspED5o8YsWQXVCued0rvSQ+mT+I5cxcmMvtA=
github.com/talkkonnect/embd v0.0.0-20210824124053-e127c37e1577 h1:bihz9UL2bBgp4WQpbXjFtcQj5q7iOtmRELXcxM4bPlQ=
github.com/talkkonnect/embd v0.0.0-20210824124053-e127c37e1577/go.mod h1:yEIQ+VcMM5dw+3yR4/bGAh81Dre39uSQvvN62qm/VLA=
github.com/talkkonnect/go-hd44780 v0.0.0-20210824123606-f3398c777f39 h1:8BrBXtXo8Dt5ogGG/VvCrA32X92CVuT8l4/jNF3JYjE=
github.com/talkkonnect/go-hd44780 v0.0.0-20210824123606-f3398c777f39/go.mod h1:TrVGOjdrITqWt2TkjwsxTbxupQJMd2qddZX384g5UWY=
github.com/talkkonnect/go-i2c v0.0.0-20190316095740-e326afb7fdb1 h1:fC+EirjlVNx/1UjcX46aUolKm1lkBluZj5RvR1J68yk=
github.com/talkkonnect/go-i2c v0.0.0-20190316095740-e326afb7fdb1/go.mod h1:6OAIGFvCa/a/PwfmcctAw2N5T+XHy2qesz7LiZvYcgE=
github.com/talkkonnect/go-logger v0.0.0-20190316101244-635f8e12dd6c h1:kbjUEvovC9JxkO3MQCRHZ2oAP/yg+ggmUe+CjwdUqAs=
github.com/talkkonnect/go-logger v0.0.0-20190316101244-635f8e12dd6c/go.mod h1:RgJ9bxHte2cnbimoMDr7NNLOxYWiBgYAnf67OzucsMw=
github.com/talkkonnect/go-mcp23017 v0.0.0-20210831103122-1c46ab6c8c82 h1:VgA8XaXnDBytA2zVv94AXp3WAyQOBW/SNaTXjZco1Qc=
github.com/talkkonnect/go-mcp23017 v0.0.0-20210831103122-1c46ab6c8c82/go.mod h1:9+q2vdqRNwz4tVg3K77nwUT2ePfkrrRWX+xy8u7lE6A=
github.com/talkkonnect/go-oled-i2c v0.0.0-20190324002809-c9178f9ccd23 h1:zlIQLLPf2w5EOMm2hO9i7z+QZ6paAKCfW8C/7IqHti0=
github.com/talkkonnect/go-oled-i2c v0.0.0-20190324002809-c9178f9ccd23/go.mod h1:zdbvJKE9p2OJ3XMlb0X7YYD8GNPMILwDebKZH9OvMi8=
github.com/talkkonnect/go-openal v0.0.0-20181013102444-59f5b1d30aff h1:Cdwko65/+E0ABkBIlkk8VPIKdH4gaOauhm56vMmdjwU=
github.com/talkkonnect/go-openal v0.0.0-20181013102444-59f5b1d30aff/go.mod h1:HNJVbiQ+pS+L9WiqdKSrR3fWiceF7lpnGQZgJRFeuz0=
github.com/talkkonnect/gopus v0.0.0-20200617161709-292e80cbfafd h1:zPWCIlacGpNrd8KKwQpSXRBEwIYF7wrFtSEnAXOBLWA=
github.com/talkkonnect/gopus v0.0.0-20200617161709-292e80cbfafd/go.mod h1:zMs0TkqDtyJ3CaPSyqhhW2VRnd/L1mSL11vQ6DG5Ovc=
github.com/talkkonnect/gpio v0.0.0-20181225144829-9b8a2de8e6fe h1:ac77K8YD3YD8Mn5P95fb7Vbq/2nKCECVfaTxMb0bDj0=
github.com/talkkonnect/gpio v0.0.0-20181225144829-9b8a2de8e6fe/go.mod h1:SpblZEdL1bFf8DR4xGDPN7G1XvXCQj/eDYtYuG+Xmd0=
github.com/talkkonnect/gumble v0.0.0-20211002133403-8965a63155bf h1:ddWRNyq82+QwESvtVc+iiSX2YqXGluUYIw+bwNqs9NE=
github.com/talkkonnect/gumble v0.0.0-20211002133403-8965a63155bf/go.mod h1:noOPjJie+0MkL38lno8zFRbzL/zVN8oRETIRXzo19NI=
github.com/talkkonnect/max7219 v0.0.0-20211028104259-8b131029f2b7 h1:+GsgGTbtHSzXSixTmY3d3c6cmoCpTRPQ8kKyd+b0kN0=
github.com/talkkonnect/max7219 v0.0.0-20211028104259-8b131029f2b7/go.mod h1:RYVyiuHwl28P8BIi66n5eFSY6+hvKI6lkov8GXlm08Y=
github.com/talkkonnect/termbox-go v0.0.0-20181013101158-0ee46dd7ddac h1:bD5cKn2ng8K7RFKrKSrI5g5gaLgKxdK6xhRSH5309hc=
github.com/talkkonnect/termbox-go v0.0.0-20181013101158-0ee46dd7ddac/go.mod h1:5AtlTmjScae7BcatAlDngj6A2YvKEArvjNy4DcZWdvA=
github.com/talkkonnect/volume-go v0.0.0-20220118060712-5d893e4580ef h1:ieMInFQmv3LDW0MILe3nB8Vb9FH3WCKY+z2l2k/iFVo=
github.com/talkkonnect/volume-go v0.0.0-20220118060712-5d893e4580ef/go.mod h1:FGkZt+2YhS/DgQOYoKJemCHzMGrqb0ML5OQ2UvOhvjM=
github.com/xackery/gomail v0.0.0-20150929200936-cc84600edc17 h1:hAhlexx4qaxFYjxfiUeDCWdV5IwR3b/9c7abMeLNPR4=
github.com/xackery/gomail v0.0.0-20150929200936-cc84600edc17/go.mod h1:DjEq7Wd7xuVPq2Hq2NaMLAZ/qDd0RAsKUByqPPN3RU8=
golang.org/x/crypto v0.0.0-20190308221718-c2843e01d9a2/go.mod h1:djNgcEr1/C05ACkg1iLfiJU5Ep61QUkGW8qpdssI0+w=
golang.org/x/net v0.0.0-20200425230154-ff2c4b7c35a0 h1:Jcxah/M+oLZ/R4/z5RzfPzGbPXnVDPkEDtf2JnuxN+U=
golang.org/x/net v0.0.0-20200425230154-ff2c4b7c35a0/go.mod h1:qpuaurCH72eLCgpAm/N6yyVIVM9cpaDIP3A8BGJEC5A=
golang.org/x/sys v0.0.0-20190215142949-d0b11bdaac8a/go.mod h1:STP8DvDyc/dI5b8T5hshtkjS+E42TnysNCUPdjciGhY=
golang.org/x/sys v0.0.0-20190916202348-b4ddaad3f8a3/go.mod h1:h1NjWce9XRLGQEsW7wpKNCjG9DtNlClVuFLEZdDNbEs=
golang.org/x/sys v0.0.0-20200323222414-85ca7c5b95cd/go.mod h1:h1NjWce9XRLGQEsW7wpKNCjG9DtNlClVuFLEZdDNbEs=
golang.org/x/sys v0.0.0-20220114195835-da31bd327af9 h1:XfKQ4OlFl8okEOr5UvAqFRVj8pY/4yfcXrddB8qAbU0=
golang.org/x/sys v0.0.0-20220114195835-da31bd327af9/go.mod h1:oPkhp1MJrh7nUepCBck5+mAzfO9JrbApNNgaTdGDITg=
golang.org/x/text v0.3.0/go.mod h1:NqM8EUOU14njkJ3fqMW+pc6Ldnwhi/IjpwHt7yyuwOQ=
golang.org/x/xerrors v0.0.0-20191204190536-9bdfabe68543 h1:E7g+9GITq07hpfrRu66IVDexMakfv52eLZ2CXBWiKr4=
golang.org/x/xerrors v0.0.0-20191204190536-9bdfabe68543/go.mod h1:I/5z698sn9Ka8TeJc9MKroUUfqBBauWjQqLJ2OPfmY0=
google.golang.org/protobuf v1.26.0-rc.1/go.mod h1:jlhhOSvTdKEhbULTjvd4ARK9grFBp09yW+WbY/TyQbw=
google.golang.org/protobuf v1.26.0 h1:bxAC2xTBsZGibn2RTntX0oH50xLsqy1OxA9tTL3p/lk=
google.golang.org/protobuf v1.26.0/go.mod h1:9q0QmTI4eRPtz6boOQmLYwt+qCgq0jsYwAQnmE0givc=
gopkg.in/check.v1 v0.0.0-20161208181325-20d25e280405/go.mod h1:Co6ibVJAznAaIkqp8huTwlJQCZ016jof/cbN4VW5Yz0=
gopkg.in/yaml.v2 v2.2.2 h1:ZCJp+EgiOT7lHqUV2J862kp8Qj64Jo6az82+3Td9dZw=
gopkg.in/yaml.v2 v2.2.2/go.mod h1:hI93XBmqTisBFMUTm0b8Fm+jr3Dg1NNxqwp+5A1VGuI=
periph.io/x/periph v3.6.8+incompatible h1:lki0ie6wHtvlilXhIkabdCUQMpb5QN4Fx33yNQdqnaA=
periph.io/x/periph v3.6.8+incompatible/go.mod h1:EWr+FCIU2dBWz5/wSWeiIUJTriYv9v2j2ENBmgYyy7Y=
